
Microsoft Visual Studio Solution File, Format Version 12.00
# Visual Studio 15
VisualStudioVersion = 15.0.28307.329
MinimumVisualStudioVersion = 10.0.40219.1
Project("{FAE04EC0-301F-11D3-BF4B-00C04F79EFBC}") = "Develorem.CompositeMapper", "Develorem.CompositeMapper\Develorem.CompositeMapper.csproj", "{8B57A5BC-108D-4919-B969-59995E29D9B7}"
EndProject
Project("{FAE04EC0-301F-11D3-BF4B-00C04F79EFBC}") = "Develorem.CompositeMapper.Tests", "Develorem.CompositeMapper.Tests\Develorem.CompositeMapper.Tests.csproj", "{2CBFF9E7-375B-4683-AC53-3AEA1898DA0F}"
EndProject
Project("{FAE04EC0-301F-11D3-BF4B-00C04F79EFBC}") = "Develorem.CompositeMapper.Mapster", "Develorem.CompositeMapper.Mapster\Develorem.CompositeMapper.Mapster.csproj", "{1BC91399-FE1E-460C-9F0C-9420331305FE}"
EndProject
Global
	GlobalSection(SolutionConfigurationPlatforms) = preSolution
		Debug|Any CPU = Debug|Any CPU
		Release|Any CPU = Release|Any CPU
	EndGlobalSection
	GlobalSection(ProjectConfigurationPlatforms) = postSolution
		{8B57A5BC-108D-4919-B969-59995E29D9B7}.Debug|Any CPU.ActiveCfg = Debug|Any CPU
		{8B57A5BC-108D-4919-B969-59995E29D9B7}.Debug|Any CPU.Build.0 = Debug|Any CPU
		{8B57A5BC-108D-4919-B969-59995E29D9B7}.Release|Any CPU.ActiveCfg = Release|Any CPU
		{8B57A5BC-108D-4919-B969-59995E29D9B7}.Release|Any CPU.Build.0 = Release|Any CPU
		{2CBFF9E7-375B-4683-AC53-3AEA1898DA0F}.Debug|Any CPU.ActiveCfg = Debug|Any CPU
		{2CBFF9E7-375B-4683-AC53-3AEA1898DA0F}.Debug|Any CPU.Build.0 = Debug|Any CPU
		{2CBFF9E7-375B-4683-AC53-3AEA1898DA0F}.Release|Any CPU.ActiveCfg = Release|Any CPU
		{2CBFF9E7-375B-4683-AC53-3AEA1898DA0F}.Release|Any CPU.Build.0 = Release|Any CPU
		{1BC91399-FE1E-460C-9F0C-9420331305FE}.Debug|Any CPU.ActiveCfg = Debug|Any CPU
		{1BC91399-FE1E-460C-9F0C-9420331305FE}.Debug|Any CPU.Build.0 = Debug|Any CPU
		{1BC91399-FE1E-460C-9F0C-9420331305FE}.Release|Any CPU.ActiveCfg = Release|Any CPU
		{1BC91399-FE1E-460C-9F0C-9420331305FE}.Release|Any CPU.Build.0 = Release|Any CPU
	EndGlobalSection
	GlobalSection(SolutionProperties) = preSolution
		HideSolutionNode = FALSE
	EndGlobalSection
	GlobalSection(ExtensibilityGlobals) = postSolution
		SolutionGuid = {1B0462FE-AD96-4FCB-8F85-8005CC7D8CA7}
	EndGlobalSection
EndGlobal
